
Microsoft Visual Studio Solution File, Format Version 12.00
# Visual Studio 15
VisualStudioVersion = 15.0.27130.2010
MinimumVisualStudioVersion = 10.0.40219.1
Project("{FAE04EC0-301F-11D3-BF4B-00C04F79EFBC}") = "app01", "app01\app01.csproj", "{1BD0F7A2-3C6D-44D7-A3E5-84CD23D44D06}"
EndProject
Global
	GlobalSection(SolutionConfigurationPlatforms) = preSolution
		Debug|Any CPU = Debug|Any CPU
		Release|Any CPU = Release|Any CPU
	EndGlobalSection
	GlobalSection(ProjectConfigurationPlatforms) = postSolution
		{1BD0F7A2-3C6D-44D7-A3E5-84CD23D44D06}.Debug|Any CPU.ActiveCfg = Debug|Any CPU
		{1BD0F7A2-3C6D-44D7-A3E5-84CD23D44D06}.Debug|Any CPU.Build.0 = Debug|Any CPU
		{1BD0F7A2-3C6D-44D7-A3E5-84CD23D44D06}.Release|Any CPU.ActiveCfg = Release|Any CPU
		{1BD0F7A2-3C6D-44D7-A3E5-84CD23D44D06}.Release|Any CPU.Build.0 = Release|Any CPU
	EndGlobalSection
	GlobalSection(SolutionProperties) = preSolution
		HideSolutionNode = FALSE
	EndGlobalSection
	GlobalSection(ExtensibilityGlobals) = postSolution
		SolutionGuid = {17D8CEAB-E947-4260-A132-52F20D30D6B1}
	EndGlobalSection
EndGlobal
